<Solution>
  <Folder Name="/Solution Items/">
    <File Path=".editorconfig" />
  </Folder>
  <Folder Name="/src/">
    <Project Path="src/AutomowerMcp/AutomowerMcp.csproj" />
  </Folder>
  <Folder Name="/test/">
    <Project Path="test/AutomowerMcp.Tests/AutomowerMcp.Tests.csproj" />
  </Folder>
</Solution>
